%{"bcrypt": {:git, "https://github.com/opscode/erlang-bcrypt.git", "820283b0d329368f298afd22038340c888689a39", [tag: "0.5.0.3"]},
  "bitfield": {:hex, :bitfield, "1.0.0"},
  "cowboy": {:hex, :cowboy, "1.0.4"},
  "cowlib": {:hex, :cowlib, "1.0.2"},
  "decimal": {:hex, :decimal, "1.1.1"},
  "ecto": {:hex, :ecto, "1.1.1"},
  "edown": {:hex, :edown, "0.7.0"},
  "erlpass": {:git, "git://github.com/ferd/erlpass.git", "1e231e3645eb097606328e8e302ba45d145af943", [ref: "1e231e3645eb097606328e8e302ba45d145af943"]},
  "etude": {:hex, :etude, "0.3.7"},
  "lineo": {:hex, :lineo, "0.1.0"},
  "mazurka": {:hex, :mazurka, "0.3.28"},
  "mimetype_parser": {:hex, :mimetype_parser, "0.1.0"},
  "msgpax": {:hex, :msgpax, "0.8.1"},
  "parse_trans": {:hex, :parse_trans, "2.9.0"},
  "pkcs7": {:hex, :pkcs7, "1.0.2"},
  "plug": {:hex, :plug, "1.1.0"},
  "plug_accept_language": {:hex, :plug_accept_language, "0.1.0"},
  "plug_wait1": {:hex, :plug_wait1, "0.1.4"},
  "plug_x_forwarded_for": {:hex, :plug_x_forwarded_for, "0.1.0"},
  "poison": {:hex, :poison, "1.4.0"},
  "poolboy": {:hex, :poolboy, "1.5.1"},
  "ranch": {:hex, :ranch, "1.2.0"},
  "rebind": {:hex, :rebind, "0.1.3"},
  "rl": {:git, "git://github.com/camshaft/rl.git", "2f9b194fe6faf3681913bbdddb3ccfa338f869cd", []},
  "simple_secrets": {:hex, :simple_secrets, "1.0.0"}}
